schema: direction5.safe_voi_positive_region_rebuild.v1
project: DIRECTION5_SAFE_VOI_POSITIVE_REGION_REBUILD
method: selective_voi_accr_mpc
predecessor:
  tag: direction5-voi-boundary-final
  status: PAPER_READY_NO_PROBE_BOUNDARY
  immutable: true

time_scales:
  episode_duration_s: 480.0
  warmup_s: 60.0
  rolling_mpc_horizon_s: [24.0, 32.0]
  information_validity_horizon_s: [120.0, 180.0, 240.0, 300.0]
  control_period_s: [2.0, 4.0]

development_factorial:
  information_validity_s: [24.0, 240.0]
  observation: [scalar, vector]
  acquisition: [allocation_neutral, control_aligned]
  prior_axis: continuous_break_even
  controller_comparison: [contract, exploit_only, dual]

physical_ranges:
  load_magnitude_pu: [0.025, 0.070]
  performance_power_pu: [0.040, 0.080]
  ramp_pu_per_s: [0.020, 0.050]
  delay_s: [0.2, 1.8]
  initial_soc: [0.35, 0.65]
  capability_transition_time_s: [90.0, 150.0]
  load_event_time_s: [210.0, 390.0]

probe_library:
  modes: [allocation_neutral, control_aligned_surplus]
  control_aligned_keeps_sg_contract_base: true
  control_aligned_requires_current_binding_need: true
  physical_duration_s: [4.0, 8.0, 12.0]
  amplitude_pu: [0.0005, 0.0010, 0.0015, 0.0025, 0.0035, 0.0050, 0.0075, 0.0100, 0.0150]
  observation: causal_vector_actual_poi_power_tube
  shapes: [biphasic, ternary, short_prbs]

value:
  physical_safety: robust_hard_constraints
  primary: prior_ambiguity_break_even_boundary
  no_fixed_uniform_prior_claim: true
  secondary: [capability_min, evidence_based_bayesian_point, cvar_0_95, worst_episode]
  objective_terms: [frequency, ace, tie, sg_movement, bess_movement, energy]
  all_grid_terms_nonzero: true
  low_capability_downside:
    frequency_peak_increment_hz_max: 0.005
    ace_relative_worsening_max: 0.01
    tie_relative_worsening_max: 0.01

seeds:
  development: [8100, 8299]
  validation: [9100, 9299]
  final: [10100, 10299]
  normal1h: [11100, 11105]

resource_limits:
  one_episode_at_a_time: true
  maximum_descendant_processes: 2
  maximum_task_private_gib: 4.0
  minimum_available_physical_gib: 5.0
  maximum_system_commit_fraction: 0.92

immutability:
  validation_after_development_lock_only: true
  final_seed_use_once: true
  no_tuning_after_validation: true
  no_result_deletion: true
  predecessor_result_preserved: true
